
Microsoft Visual Studio Solution File, Format Version 12.00
# Visual Studio 15
VisualStudioVersion = 15.0.27703.2000
MinimumVisualStudioVersion = 10.0.40219.1
Project("{FAE04EC0-301F-11D3-BF4B-00C04F79EFBC}") = "ajax_lab", "ajax_lab\ajax_lab.csproj", "{E1869645-DD68-4700-AF96-4B90676B3EF1}"
EndProject
Global
	GlobalSection(SolutionConfigurationPlatforms) = preSolution
		Debug|Any CPU = Debug|Any CPU
		Release|Any CPU = Release|Any CPU
	EndGlobalSection
	GlobalSection(ProjectConfigurationPlatforms) = postSolution
		{E1869645-DD68-4700-AF96-4B90676B3EF1}.Debug|Any CPU.ActiveCfg = Debug|Any CPU
		{E1869645-DD68-4700-AF96-4B90676B3EF1}.Debug|Any CPU.Build.0 = Debug|Any CPU
		{E1869645-DD68-4700-AF96-4B90676B3EF1}.Release|Any CPU.ActiveCfg = Release|Any CPU
		{E1869645-DD68-4700-AF96-4B90676B3EF1}.Release|Any CPU.Build.0 = Release|Any CPU
	EndGlobalSection
	GlobalSection(SolutionProperties) = preSolution
		HideSolutionNode = FALSE
	EndGlobalSection
	GlobalSection(ExtensibilityGlobals) = postSolution
		SolutionGuid = {F3BA4DC6-B805-46FD-80F1-3F531A945AB3}
	EndGlobalSection
EndGlobal
